// !$*UTF8*$!
{
	archiveVersion = 1;
	classes = {
	};
	objectVersion = 46;
	objects = {

/* Begin PBXBuildFile section */
		9A30A8371E0454E200EF7673 /* TheTableViewController.swift in Sources */ = {isa = PBXBuildFile; fileRef = 9A30A8361E0454E200EF7673 /* TheTableViewController.swift */; };
		9A7CE5F81E01A77C00EB7256 /* AppDelegate.swift in Sources */ = {isa = PBXBuildFile; fileRef = 9A7CE5F71E01A77C00EB7256 /* AppDelegate.swift */; };
		9A7CE5FA1E01A77C00EB7256 /* ViewController.swift in Sources */ = {isa = PBXBuildFile; fileRef = 9A7CE5F91E01A77C00EB7256 /* ViewController.swift */; };
		9A7CE5FD1E01A77C00EB7256 /* Main.storyboard in Resources */ = {isa = PBXBuildFile; fileRef = 9A7CE5FB1E01A77C00EB7256 /* Main.storyboard */; };
		9A7CE5FF1E01A77C00EB7256 /* Assets.xcassets in Resources */ = {isa = PBXBuildFile; fileRef = 9A7CE5FE1E01A77C00EB7256 /* Assets.xcassets */; };
		9A7CE6021E01A77C00EB7256 /* LaunchScreen.storyboard in Resources */ = {isa = PBXBuildFile; fileRef = 9A7CE6001E01A77C00EB7256 /* LaunchScreen.storyboard */; };
		9AF3458A1E01D64B00235AE4 /* Auth.swift in Sources */ = {isa = PBXBuildFile; fileRef = 9AF345891E01D64B00235AE4 /* Auth.swift */; };
		AD830C3BB9717B4AA736E4FB /* Pods_MusicBrainziPhone.framework in Frameworks */ = {isa = PBXBuildFile; fileRef = F3B1B460D8D3E4CEAF2121AC /* Pods_MusicBrainziPhone.framework */; };
/* End PBXBuildFile section */

/* Begin PBXFileReference section */
		63C08D0F39EFAF6C34FC7956 /* Pods-MusicBrainziPhone.debug.xcconfig */ = {isa = PBXFileReference; includeInIndex = 1; lastKnownFileType = text.xcconfig; name = "Pods-MusicBrainziPhone.debug.xcconfig"; path = "Pods/Target Support Files/Pods-MusicBrainziPhone/Pods-MusicBrainziPhone.debug.xcconfig"; sourceTree = "<group>"; };
		9A30A8361E0454E200EF7673 /* TheTableViewController.swift */ = {isa = PBXFileReference; fileEncoding = 4; lastKnownFileType = sourcecode.swift; path = TheTableViewController.swift; sourceTree = "<group>"; };
		9A7CE5F41E01A77C00EB7256 /* MusicBrainziPhone.app */ = {isa = PBXFileReference; explicitFileType = wrapper.application; includeInIndex = 0; path = MusicBrainziPhone.app; sourceTree = BUILT_PRODUCTS_DIR; };
		9A7CE5F71E01A77C00EB7256 /* AppDelegate.swift */ = {isa = PBXFileReference; lastKnownFileType = sourcecode.swift; path = AppDelegate.swift; sourceTree = "<group>"; };
		9A7CE5F91E01A77C00EB7256 /* ViewController.swift */ = {isa = PBXFileReference; lastKnownFileType = sourcecode.swift; path = ViewController.swift; sourceTree = "<group>"; };
		9A7CE5FC1E01A77C00EB7256 /* Base */ = {isa = PBXFileReference; lastKnownFileType = file.storyboard; name = Base; path = Base.lproj/Main.storyboard; sourceTree = "<group>"; };
		9A7CE5FE1E01A77C00EB7256 /* Assets.xcassets */ = {isa = PBXFileReference; lastKnownFileType = folder.assetcatalog; path = Assets.xcassets; sourceTree = "<group>"; };
		9A7CE6011E01A77C00EB7256 /* Base */ = {isa = PBXFileReference; lastKnownFileType = file.storyboard; name = Base; path = Base.lproj/LaunchScreen.storyboard; sourceTree = "<group>"; };
		9A7CE6031E01A77C00EB7256 /* Info.plist */ = {isa = PBXFileReference; lastKnownFileType = text.plist.xml; path = Info.plist; sourceTree = "<group>"; };
		9AF345891E01D64B00235AE4 /* Auth.swift */ = {isa = PBXFileReference; fileEncoding = 4; lastKnownFileType = sourcecode.swift; path = Auth.swift; sourceTree = "<group>"; };
		A1C13A9478448660F13FF0D0 /* Pods-MusicBrainziPhone.release.xcconfig */ = {isa = PBXFileReference; includeInIndex = 1; lastKnownFileType = text.xcconfig; name = "Pods-MusicBrainziPhone.release.xcconfig"; path = "Pods/Target Support Files/Pods-MusicBrainziPhone/Pods-MusicBrainziPhone.release.xcconfig"; sourceTree = "<group>"; };
		F3B1B460D8D3E4CEAF2121AC /* Pods_MusicBrainziPhone.framework */ = {isa = PBXFileReference; explicitFileType = wrapper.framework; includeInIndex = 0; path = Pods_MusicBrainziPhone.framework; sourceTree = BUILT_PRODUCTS_DIR; };
/* End PBXFileReference section */

/* Begin PBXFrameworksBuildPhase section */
		9A7CE5F11E01A77B00EB7256 /* Frameworks */ = {
			isa = PBXFrameworksBuildPhase;
			buildActionMask = 2147483647;
			files = (
				AD830C3BB9717B4AA736E4FB /* Pods_MusicBrainziPhone.framework in Frameworks */,
			);
			runOnlyForDeploymentPostprocessing = 0;
		};
/* End PBXFrameworksBuildPhase section */

/* Begin PBXGroup section */
		498E48821818C67904B92557 /* Frameworks */ = {
			isa = PBXGroup;
			children = (
				F3B1B460D8D3E4CEAF2121AC /* Pods_MusicBrainziPhone.framework */,
			);
			name = Frameworks;
			sourceTree = "<group>";
		};
		9A7CE5EB1E01A77B00EB7256 = {
			isa = PBXGroup;
			children = (
				9A7CE5F61E01A77C00EB7256 /* MusicBrainziPhone */,
				9A7CE5F51E01A77C00EB7256 /* Products */,
				AB879D9ABB178FF459EA0D8A /* Pods */,
				498E48821818C67904B92557 /* Frameworks */,
			);
			sourceTree = "<group>";
		};
		9A7CE5F51E01A77C00EB7256 /* Products */ = {
			isa = PBXGroup;
			children = (
				9A7CE5F41E01A77C00EB7256 /* MusicBrainziPhone.app */,
			);
			name = Products;
			sourceTree = "<group>";
		};
		9A7CE5F61E01A77C00EB7256 /* MusicBrainziPhone */ = {
			isa = PBXGroup;
			children = (
				9AF345881E01D63300235AE4 /* Auth */,
				9A7CE5F71E01A77C00EB7256 /* AppDelegate.swift */,
				9A7CE5F91E01A77C00EB7256 /* ViewController.swift */,
				9A7CE5FB1E01A77C00EB7256 /* Main.storyboard */,
				9A30A8361E0454E200EF7673 /* TheTableViewController.swift */,
				9A7CE5FE1E01A77C00EB7256 /* Assets.xcassets */,
				9A7CE6001E01A77C00EB7256 /* LaunchScreen.storyboard */,
				9A7CE6031E01A77C00EB7256 /* Info.plist */,
			);
			path = MusicBrainziPhone;
			sourceTree = "<group>";
		};
		9AF345881E01D63300235AE4 /* Auth */ = {
			isa = PBXGroup;
			children = (
				9AF345891E01D64B00235AE4 /* Auth.swift */,
			);
			name = Auth;
			path = ..;
			sourceTree = "<group>";
		};
		AB879D9ABB178FF459EA0D8A /* Pods */ = {
			isa = PBXGroup;
			children = (
				63C08D0F39EFAF6C34FC7956 /* Pods-MusicBrainziPhone.debug.xcconfig */,
				A1C13A9478448660F13FF0D0 /* Pods-MusicBrainziPhone.release.xcconfig */,
			);
			name = Pods;
			sourceTree = "<group>";
		};
/* End PBXGroup section */

/* Begin PBXNativeTarget section */
		9A7CE5F31E01A77B00EB7256 /* MusicBrainziPhone */ = {
			isa = PBXNativeTarget;
			buildConfigurationList = 9A7CE6061E01A77C00EB7256 /* Build configuration list for PBXNativeTarget "MusicBrainziPhone" */;
			buildPhases = (
				50B1038659B0D2038DE30885 /* [CP] Check Pods Manifest.lock */,
				9A7CE5F01E01A77B00EB7256 /* Sources */,
				9A7CE5F11E01A77B00EB7256 /* Frameworks */,
				9A7CE5F21E01A77B00EB7256 /* Resources */,
				04A13857C848B8295DB99473 /* [CP] Embed Pods Frameworks */,
				CBE190F9D11A2F54B4F7D95A /* [CP] Copy Pods Resources */,
			);
			buildRules = (
			);
			dependencies = (
			);
			name = MusicBrainziPhone;
			productName = MusicBrainziPhone;
			productReference = 9A7CE5F41E01A77C00EB7256 /* MusicBrainziPhone.app */;
			productType = "com.apple.product-type.application";
		};
/* End PBXNativeTarget section */

/* Begin PBXProject section */
		9A7CE5EC1E01A77B00EB7256 /* Project object */ = {
			isa = PBXProject;
			attributes = {
				LastSwiftUpdateCheck = 0800;
				LastUpgradeCheck = 0800;
				ORGANIZATIONNAME = jottenlips;
				TargetAttributes = {
					9A7CE5F31E01A77B00EB7256 = {
						CreatedOnToolsVersion = 8.0;
						ProvisioningStyle = Automatic;
					};
				};
			};
			buildConfigurationList = 9A7CE5EF1E01A77B00EB7256 /* Build configuration list for PBXProject "MusicBrainziPhone" */;
			compatibilityVersion = "Xcode 3.2";
			developmentRegion = English;
			hasScannedForEncodings = 0;
			knownRegions = (
				en,
				Base,
			);
			mainGroup = 9A7CE5EB1E01A77B00EB7256;
			productRefGroup = 9A7CE5F51E01A77C00EB7256 /* Products */;
			projectDirPath = "";
			projectRoot = "";
			targets = (
				9A7CE5F31E01A77B00EB7256 /* MusicBrainziPhone */,
			);
		};
/* End PBXProject section */

/* Begin PBXResourcesBuildPhase section */
		9A7CE5F21E01A77B00EB7256 /* Resources */ = {
			isa = PBXResourcesBuildPhase;
			buildActionMask = 2147483647;
			files = (
				9A7CE6021E01A77C00EB7256 /* LaunchScreen.storyboard in Resources */,
				9A7CE5FF1E01A77C00EB7256 /* Assets.xcassets in Resources */,
				9A7CE5FD1E01A77C00EB7256 /* Main.storyboard in Resources */,
			);
			runOnlyForDeploymentPostprocessing = 0;
		};
/* End PBXResourcesBuildPhase section */

/* Begin PBXShellScriptBuildPhase section */
		04A13857C848B8295DB99473 /* [CP] Embed Pods Frameworks */ = {
			isa = PBXShellScriptBuildPhase;
			buildActionMask = 2147483647;
			files = (
			);
			inputPaths = (
			);
			name = "[CP] Embed Pods Frameworks";
			outputPaths = (
			);
			runOnlyForDeploymentPostprocessing = 0;
			shellPath = /bin/sh;
			shellScript = "\"${SRCROOT}/Pods/Target Support Files/Pods-MusicBrainziPhone/Pods-MusicBrainziPhone-frameworks.sh\"\n";
			showEnvVarsInLog = 0;
		};
		50B1038659B0D2038DE30885 /* [CP] Check Pods Manifest.lock */ = {
			isa = PBXShellScriptBuildPhase;
			buildActionMask = 2147483647;
			files = (
			);
			inputPaths = (
			);
			name = "[CP] Check Pods Manifest.lock";
			outputPaths = (
			);
			runOnlyForDeploymentPostprocessing = 0;
			shellPath = /bin/sh;
			shellScript = "diff \"${PODS_ROOT}/../Podfile.lock\" \"${PODS_ROOT}/Manifest.lock\" > /dev/null\nif [ $? != 0 ] ; then\n    # print error to STDERR\n    echo \"error: The sandbox is not in sync with the Podfile.lock. Run 'pod install' or update your CocoaPods installation.\" >&2\n    exit 1\nfi\n";
			showEnvVarsInLog = 0;
		};
		CBE190F9D11A2F54B4F7D95A /* [CP] Copy Pods Resources */ = {
			isa = PBXShellScriptBuildPhase;
			buildActionMask = 2147483647;
			files = (
			);
			inputPaths = (
			);
			name = "[CP] Copy Pods Resources";
			outputPaths = (
			);
			runOnlyForDeploymentPostprocessing = 0;
			shellPath = /bin/sh;
			shellScript = "\"${SRCROOT}/Pods/Target Support Files/Pods-MusicBrainziPhone/Pods-MusicBrainziPhone-resources.sh\"\n";
			showEnvVarsInLog = 0;
		};
/* End PBXShellScriptBuildPhase section */

/* Begin PBXSourcesBuildPhase section */
		9A7CE5F01E01A77B00EB7256 /* Sources */ = {
			isa = PBXSourcesBuildPhase;
			buildActionMask = 2147483647;
			files = (
				9A7CE5FA1E01A77C00EB7256 /* ViewController.swift in Sources */,
				9A7CE5F81E01A77C00EB7256 /* AppDelegate.swift in Sources */,
				9AF3458A1E01D64B00235AE4 /* Auth.swift in Sources */,
				9A30A8371E0454E200EF7673 /* TheTableViewController.swift in Sources */,
			);
			runOnlyForDeploymentPostprocessing = 0;
		};
/* End PBXSourcesBuildPhase section */

/* Begin PBXVariantGroup section */
		9A7CE5FB1E01A77C00EB7256 /* Main.storyboard */ = {
			isa = PBXVariantGroup;
			children = (
				9A7CE5FC1E01A77C00EB7256 /* Base */,
			);
			name = Main.storyboard;
			sourceTree = "<group>";
		};
		9A7CE6001E01A77C00EB7256 /* LaunchScreen.storyboard */ = {
			isa = PBXVariantGroup;
			children = (
				9A7CE6011E01A77C00EB7256 /* Base */,
			);
			name = LaunchScreen.storyboard;
			sourceTree = "<group>";
		};
/* End PBXVariantGroup section */

/* Begin XCBuildConfiguration section */
		9A7CE6041E01A77C00EB7256 /* Debug */ = {
			isa = XCBuildConfiguration;
			buildSettings = {
				ALWAYS_SEARCH_USER_PATHS = NO;
				CLANG_ANALYZER_NONNULL = YES;
				CLANG_CXX_LANGUAGE_STANDARD = "gnu++0x";
				CLANG_CXX_LIBRARY = "libc++";
				CLANG_ENABLE_MODULES = YES;
				CLANG_ENABLE_OBJC_ARC = YES;
				CLANG_WARN_BOOL_CONVERSION = YES;
				CLANG_WARN_CONSTANT_CONVERSION = YES;
				CLANG_WARN_DIRECT_OBJC_ISA_USAGE = YES_ERROR;
				CLANG_WARN_DOCUMENTATION_COMMENTS = YES;
				CLANG_WARN_EMPTY_BODY = YES;
				CLANG_WARN_ENUM_CONVERSION = YES;
				CLANG_WARN_INFINITE_RECURSION = YES;
				CLANG_WARN_INT_CONVERSION = YES;
				CLANG_WARN_OBJC_ROOT_CLASS = YES_ERROR;
				CLANG_WARN_SUSPICIOUS_MOVES = YES;
				CLANG_WARN_UNREACHABLE_CODE = YES;
				CLANG_WARN__DUPLICATE_METHOD_MATCH = YES;
				"CODE_SIGN_IDENTITY[sdk=iphoneos*]" = "iPhone Developer";
				COPY_PHASE_STRIP = NO;
				DEBUG_INFORMATION_FORMAT = dwarf;
				ENABLE_STRICT_OBJC_MSGSEND = YES;
				ENABLE_TESTABILITY = YES;
				GCC_C_LANGUAGE_STANDARD = gnu99;
				GCC_DYNAMIC_NO_PIC = NO;
				GCC_NO_COMMON_BLOCKS = YES;
				GCC_OPTIMIZATION_LEVEL = 0;
				GCC_PREPROCESSOR_DEFINITIONS = (
					"DEBUG=1",
					"$(inherited)",
				);
				GCC_WARN_64_TO_32_BIT_CONVERSION = YES;
				GCC_WARN_ABOUT_RETURN_TYPE = YES_ERROR;
				GCC_WARN_UNDECLARED_SELECTOR = YES;
				GCC_WARN_UNINITIALIZED_AUTOS = YES_AGGRESSIVE;
				GCC_WARN_UNUSED_FUNCTION = YES;
				GCC_WARN_UNUSED_VARIABLE = YES;
				IPHONEOS_DEPLOYMENT_TARGET = 10.0;
				MTL_ENABLE_DEBUG_INFO = YES;
				ONLY_ACTIVE_ARCH = YES;
				SDKROOT = iphoneos;
				SWIFT_ACTIVE_COMPILATION_CONDITIONS = DEBUG;
				SWIFT_OPTIMIZATION_LEVEL = "-Onone";
			};
			name = Debug;
		};
		9A7CE6051E01A77C00EB7256 /* Release */ = {
			isa = XCBuildConfiguration;
			buildSettings = {
				ALWAYS_SEARCH_USER_PATHS = NO;
				CLANG_ANALYZER_NONNULL = YES;
				CLANG_CXX_LANGUAGE_STANDARD = "gnu++0x";
				CLANG_CXX_LIBRARY = "libc++";
				CLANG_ENABLE_MODULES = YES;
				CLANG_ENABLE_OBJC_ARC = YES;
				CLANG_WARN_BOOL_CONVERSION = YES;
				CLANG_WARN_CONSTANT_CONVERSION = YES;
				CLANG_WARN_DIRECT_OBJC_ISA_USAGE = YES_ERROR;
				CLANG_WARN_DOCUMENTATION_COMMENTS = YES;
				CLANG_WARN_EMPTY_BODY = YES;
				CLANG_WARN_ENUM_CONVERSION = YES;
				CLANG_WARN_INFINITE_RECURSION = YES;
				CLANG_WARN_INT_CONVERSION = YES;
				CLANG_WARN_OBJC_ROOT_CLASS = YES_ERROR;
				CLANG_WARN_SUSPICIOUS_MOVES = YES;
				CLANG_WARN_UNREACHABLE_CODE = YES;
				CLANG_WARN__DUPLICATE_METHOD_MATCH = YES;
				"CODE_SIGN_IDENTITY[sdk=iphoneos*]" = "iPhone Developer";
				COPY_PHASE_STRIP = NO;
				DEBUG_INFORMATION_FORMAT = "dwarf-with-dsym";
				ENABLE_NS_ASSERTIONS = NO;
				ENABLE_STRICT_OBJC_MSGSEND = YES;
				GCC_C_LANGUAGE_STANDARD = gnu99;
				GCC_NO_COMMON_BLOCKS = YES;
				GCC_WARN_64_TO_32_BIT_CONVERSION = YES;
				GCC_WARN_ABOUT_RETURN_TYPE = YES_ERROR;
				GCC_WARN_UNDECLARED_SELECTOR = YES;
				GCC_WARN_UNINITIALIZED_AUTOS = YES_AGGRESSIVE;
				GCC_WARN_UNUSED_FUNCTION = YES;
				GCC_WARN_UNUSED_VARIABLE = YES;
				IPHONEOS_DEPLOYMENT_TARGET = 10.0;
				MTL_ENABLE_DEBUG_INFO = NO;
				SDKROOT = iphoneos;
				SWIFT_OPTIMIZATION_LEVEL = "-Owholemodule";
				VALIDATE_PRODUCT = YES;
			};
			name = Release;
		};
		9A7CE6071E01A77C00EB7256 /* Debug */ = {
			isa = XCBuildConfiguration;
			baseConfigurationReference = 63C08D0F39EFAF6C34FC7956 /* Pods-MusicBrainziPhone.debug.xcconfig */;
			buildSettings = {
				ASSETCATALOG_COMPILER_APPICON_NAME = AppIcon;
				CLANG_WARN_SUSPICIOUS_MOVES = YES;
				"CODE_SIGN_IDENTITY[sdk=iphoneos*]" = "iPhone Developer";
				DEVELOPMENT_TEAM = "";
				FRAMEWORK_SEARCH_PATHS = "$(inherited)";
				INFOPLIST_FILE = MusicBrainziPhone/Info.plist;
				LD_RUNPATH_SEARCH_PATHS = "$(inherited) @executable_path/Frameworks";
				PRODUCT_BUNDLE_IDENTIFIER = com.jottenlips.MusicBrainziPhone;
				PRODUCT_NAME = "$(TARGET_NAME)";
				SWIFT_VERSION = 3.0;
			};
			name = Debug;
		};
		9A7CE6081E01A77C00EB7256 /* Release */ = {
			isa = XCBuildConfiguration;
			baseConfigurationReference = A1C13A9478448660F13FF0D0 /* Pods-MusicBrainziPhone.release.xcconfig */;
			buildSettings = {
				ASSETCATALOG_COMPILER_APPICON_NAME = AppIcon;
				CLANG_WARN_SUSPICIOUS_MOVES = YES;
				"CODE_SIGN_IDENTITY[sdk=iphoneos*]" = "iPhone Developer";
				DEVELOPMENT_TEAM = "";
				FRAMEWORK_SEARCH_PATHS = "$(inherited)";
				INFOPLIST_FILE = MusicBrainziPhone/Info.plist;
				LD_RUNPATH_SEARCH_PATHS = "$(inherited) @executable_path/Frameworks";
				PRODUCT_BUNDLE_IDENTIFIER = com.jottenlips.MusicBrainziPhone;
				PRODUCT_NAME = "$(TARGET_NAME)";
				SWIFT_VERSION = 3.0;
			};
			name = Release;
		};
/* End XCBuildConfiguration section */

/* Begin XCConfigurationList section */
		9A7CE5EF1E01A77B00EB7256 /* Build configuration list for PBXProject "MusicBrainziPhone" */ = {
			isa = XCConfigurationList;
			buildConfigurations = (
				9A7CE6041E01A77C00EB7256 /* Debug */,
				9A7CE6051E01A77C00EB7256 /* Release */,
			);
			defaultConfigurationIsVisible = 0;
			defaultConfigurationName = Release;
		};
		9A7CE6061E01A77C00EB7256 /* Build configuration list for PBXNativeTarget "MusicBrainziPhone" */ = {
			isa = XCConfigurationList;
			buildConfigurations = (
				9A7CE6071E01A77C00EB7256 /* Debug */,
				9A7CE6081E01A77C00EB7256 /* Release */,
			);
			defaultConfigurationIsVisible = 0;
			defaultConfigurationName = Release;
		};
/* End XCConfigurationList section */
	};
	rootObject = 9A7CE5EC1E01A77B00EB7256 /* Project object */;
}
